<?xml version="1.0" encoding="utf-8"?>
<Project ToolsVersion="4.0" xmlns="http://schemas.microsoft.com/developer/msbuild/2003">
  <ItemGroup>
    <Filter Include="Source Files">
      <UniqueIdentifier>{4FC737F1-C7A5-4376-A066-2A32D752A2FF}</UniqueIdentifier>
    </Filter>
    <Filter Include="Header Files">
      <UniqueIdentifier>{93995380-89BD-4b04-88EB-625FBE52EBFB}</UniqueIdentifier>
    </Filter>
    <Filter Include="Resource Files">
      <UniqueIdentifier>{67DA6AB6-F800-4c08-8B7A-83BB121AAD01}</UniqueIdentifier>
    </Filter>
    <Filter Include="Form Files">
      <UniqueIdentifier>{99349809-55BA-4b9d-BF79-8FDBB0286EB3}</UniqueIdentifier>
    </Filter>
    <Filter Include="camera">
      <UniqueIdentifier>{A1B2C3D4-E5F6-7890-ABCD-EF1234567890}</UniqueIdentifier>
    </Filter>
    <Filter Include="core">
      <UniqueIdentifier>{B2C3D4E5-F6A7-8901-BCDE-F12345678901}</UniqueIdentifier>
    </Filter>
    <Filter Include="save">
      <UniqueIdentifier>{C3D4E5F6-A7B8-9012-CDEF-123456789012}</UniqueIdentifier>
    </Filter>
    <Filter Include="stage">
      <UniqueIdentifier>{D4E5F6A7-B8C9-0123-DEF0-234567890123}</UniqueIdentifier>
    </Filter>
    <Filter Include="ui">
      <UniqueIdentifier>{E5F6A7B8-C9D0-1234-EF01-234567890124}</UniqueIdentifier>
    </Filter>
    <Filter Include="remote">
      <UniqueIdentifier>{F1A2B3C4-D5E6-7890-ABCD-1234567890AB}</UniqueIdentifier>
    </Filter>
    <Filter Include="remote\ble">
      <UniqueIdentifier>{F2B3C4D5-E6F7-8901-BCDE-234567890ABC}</UniqueIdentifier>
    </Filter>
    <Filter Include="remote-qr">
      <UniqueIdentifier>{A1QR0001-B2C3-4D5E-9012-345678901234}</UniqueIdentifier>
    </Filter>
    <Filter Include="remote-qr\thirdparty">
      <UniqueIdentifier>{A1QR0002-B2C3-4D5E-9012-345678901235}</UniqueIdentifier>
    </Filter>
    <Filter Include="guide">
      <UniqueIdentifier>{A9D35C7A-1D5A-4B53-AE16-4E6A04A8D1D4}</UniqueIdentifier>
    </Filter>
    <Filter Include="host-remote">
      <UniqueIdentifier>{B1HOST01-4D5E-4F6A-9012-345678901234}</UniqueIdentifier>
    </Filter>
    <Filter Include="recorder">
      <UniqueIdentifier>{C1REC001-4D5E-4F6A-9012-345678901234}</UniqueIdentifier>
    </Filter>
    <Filter Include="recorder\include">
      <UniqueIdentifier>{C1REC002-4D5E-4F6A-9012-345678901235}</UniqueIdentifier>
    </Filter>
    <Filter Include="recorder\src">
      <UniqueIdentifier>{C1REC003-4D5E-4F6A-9012-345678901236}</UniqueIdentifier>
    </Filter>
    <Filter Include="recorder\src\Capture">
      <UniqueIdentifier>{C1REC004-4D5E-4F6A-9012-345678901237}</UniqueIdentifier>
    </Filter>
    <Filter Include="recorder\src\Encoder">
      <UniqueIdentifier>{C1REC005-4D5E-4F6A-9012-345678901238}</UniqueIdentifier>
    </Filter>
    <Filter Include="recorder\dialog">
      <UniqueIdentifier>{C1REC006-4D5E-4F6A-9012-345678901239}</UniqueIdentifier>
    </Filter>
    <Filter Include="recorder\ui">
      <UniqueIdentifier>{C1REC007-4D5E-4F6A-9012-345678901240}</UniqueIdentifier>
    </Filter>
  </ItemGroup>
  <ItemGroup>
    <QtRcc Include="QtProject_1.qrc">
      <Filter>Resource Files</Filter>
    </QtRcc>
    <QtRcc Include="remote-qr\remote-qr.qrc">
      <Filter>remote-qr</Filter>
    </QtRcc>
    <QtUic Include="QtProject_1.ui">
      <Filter>Form Files</Filter>
    </QtUic>
    <QtMoc Include="QtProject_1.h">
      <Filter>Header Files</Filter>
    </QtMoc>
    <ClCompile Include="QtProject_1.cpp">
      <Filter>Source Files</Filter>
    </ClCompile>
    <ClCompile Include="main.cpp">
      <Filter>Source Files</Filter>
    </ClCompile>
    <QtMoc Include="camera\CameraController.h">
      <Filter>camera</Filter>
    </QtMoc>
    <ClCompile Include="camera\CameraController.cpp">
      <Filter>camera</Filter>
    </ClCompile>
    <ClInclude Include="core\AppTypes.h">
      <Filter>core</Filter>
    </ClInclude>
    <ClInclude Include="core\AppLogger.h">
      <Filter>core</Filter>
    </ClInclude>
    <ClCompile Include="core\AppLogger.cpp">
      <Filter>core</Filter>
    </ClCompile>
    <QtMoc Include="save\ImageSaveThread.h">
      <Filter>save</Filter>
    </QtMoc>
    <ClCompile Include="save\ImageSaveThread.cpp">
      <Filter>save</Filter>
    </ClCompile>
    <ClInclude Include="save\SavePathHelper.h">
      <Filter>save</Filter>
    </ClInclude>
    <ClCompile Include="save\SavePathHelper.cpp">
      <Filter>save</Filter>
    </ClCompile>
    <QtMoc Include="stage\StageManager.h">
      <Filter>stage</Filter>
    </QtMoc>
    <ClCompile Include="stage\StageManager.cpp">
      <Filter>stage</Filter>
    </ClCompile>
    <QtMoc Include="ui\PreviewWidget.h">
      <Filter>ui</Filter>
    </QtMoc>
    <ClCompile Include="ui\PreviewWidget.cpp">
      <Filter>ui</Filter>
    </ClCompile>
    <QtMoc Include="guide\GuideBubbleWidget.h">
      <Filter>guide</Filter>
    </QtMoc>
    <QtMoc Include="guide\GuideManager.h">
      <Filter>guide</Filter>
    </QtMoc>
    <ClInclude Include="guide\GuideKit.h">
      <Filter>guide</Filter>
    </ClInclude>
    <ClInclude Include="guide\GuideOverlay.h">
      <Filter>guide</Filter>
    </ClInclude>
    <ClInclude Include="guide\GuideStep.h">
      <Filter>guide</Filter>
    </ClInclude>
    <ClInclude Include="guide\GuideTheme.h">
      <Filter>guide</Filter>
    </ClInclude>
    <ClCompile Include="guide\GuideBubbleWidget.cpp">
      <Filter>guide</Filter>
    </ClCompile>
    <ClCompile Include="guide\GuideManager.cpp">
      <Filter>guide</Filter>
    </ClCompile>
    <ClCompile Include="guide\GuideOverlay.cpp">
      <Filter>guide</Filter>
    </ClCompile>
    <QtMoc Include="remote\RemoteKit.h">
      <Filter>remote</Filter>
    </QtMoc>
    <QtMoc Include="remote\RemoteHost.h">
      <Filter>remote</Filter>
    </QtMoc>
    <ClInclude Include="remote\RemoteCommands.h">
      <Filter>remote</Filter>
    </ClInclude>
    <ClInclude Include="remote\RemotePreviewFrameCache.h">
      <Filter>remote</Filter>
    </ClInclude>
    <ClInclude Include="remote\RemoteControlGuard.h">
      <Filter>remote</Filter>
    </ClInclude>
    <ClInclude Include="remote\RemoteStatusText.h">
      <Filter>remote</Filter>
    </ClInclude>
    <ClCompile Include="remote\NetConfigHelper.cpp">
      <Filter>remote</Filter>
    </ClCompile>
    <QtMoc Include="remote\RemoteControlServer.h">
      <Filter>remote</Filter>
    </QtMoc>
    <ClCompile Include="remote\RemoteKit.cpp">
      <Filter>remote</Filter>
    </ClCompile>
    <ClCompile Include="remote\RemoteHost.cpp">
      <Filter>remote</Filter>
    </ClCompile>
    <ClCompile Include="remote\RemoteControlGuard.cpp">
      <Filter>remote</Filter>
    </ClCompile>
    <ClCompile Include="remote\RemoteControlServer.cpp">
      <Filter>remote</Filter>
    </ClCompile>
    <ClInclude Include="remote\ble\BleProtocol.h">
      <Filter>remote\ble</Filter>
    </ClInclude>
    <ClInclude Include="remote\ble\BleCommandProtocol.h">
      <Filter>remote\ble</Filter>
    </ClInclude>
    <ClInclude Include="remote\ble\BleAdapterChecker.h">
      <Filter>remote\ble</Filter>
    </ClInclude>
    <ClInclude Include="remote\ble\BleGattServerWin.h">
      <Filter>remote\ble</Filter>
    </ClInclude>
    <ClInclude Include="remote\ble\WinRtBootstrap.h">
      <Filter>remote\ble</Filter>
    </ClInclude>
    <ClCompile Include="remote\ble\WinRtBootstrap.cpp">
      <Filter>remote\ble</Filter>
    </ClCompile>
    <ClCompile Include="remote\ble\BleCommandProtocol.cpp">
      <Filter>remote\ble</Filter>
    </ClCompile>
    <ClCompile Include="remote\ble\BleAdapterChecker.cpp">
      <Filter>remote\ble</Filter>
    </ClCompile>
    <ClCompile Include="remote\ble\BleGattServerWin.cpp">
      <Filter>remote\ble</Filter>
    </ClCompile>
    <ClCompile Include="remote\ble\BleControlServer.cpp">
      <Filter>remote\ble</Filter>
    </ClCompile>
    <ClCompile Include="remote\ble\BleWinRtWorker.cpp">
      <Filter>remote\ble</Filter>
    </ClCompile>
    <QtMoc Include="remote\ble\BleControlServer.h">
      <Filter>remote\ble</Filter>
    </QtMoc>
    <QtMoc Include="remote\ble\BleWinRtWorker.h">
      <Filter>remote\ble</Filter>
    </QtMoc>
    <QtMoc Include="remote-qr\MobileWebServer.h">
      <Filter>remote-qr</Filter>
    </QtMoc>
    <QtMoc Include="remote-qr\MobileHost.h">
      <Filter>remote-qr</Filter>
    </QtMoc>
    <QtMoc Include="remote-qr\RemoteControlDialog.h">
      <Filter>remote-qr</Filter>
    </QtMoc>
    <ClInclude Include="remote-qr\MobileConfig.h">
      <Filter>remote-qr</Filter>
    </ClInclude>
    <ClInclude Include="remote-qr\MobileCommands.h">
      <Filter>remote-qr</Filter>
    </ClInclude>
    <ClInclude Include="remote-qr\NetworkHelper.h">
      <Filter>remote-qr</Filter>
    </ClInclude>
    <ClInclude Include="remote-qr\TokenManager.h">
      <Filter>remote-qr</Filter>
    </ClInclude>
    <ClInclude Include="remote-qr\QrCodeHelper.h">
      <Filter>remote-qr</Filter>
    </ClInclude>
    <ClInclude Include="remote-qr\PreviewFrameCache.h">
      <Filter>remote-qr</Filter>
    </ClInclude>
    <ClCompile Include="remote-qr\MobileConfig.cpp">
      <Filter>remote-qr</Filter>
    </ClCompile>
    <ClCompile Include="remote-qr\NetworkHelper.cpp">
      <Filter>remote-qr</Filter>
    </ClCompile>
    <ClCompile Include="remote-qr\TokenManager.cpp">
      <Filter>remote-qr</Filter>
    </ClCompile>
    <ClCompile Include="remote-qr\QrCodeHelper.cpp">
      <Filter>remote-qr</Filter>
    </ClCompile>
    <ClCompile Include="remote-qr\PreviewFrameCache.cpp">
      <Filter>remote-qr</Filter>
    </ClCompile>
    <ClCompile Include="remote-qr\MobileWebServer.cpp">
      <Filter>remote-qr</Filter>
    </ClCompile>
    <ClCompile Include="remote-qr\MobileHost.cpp">
      <Filter>remote-qr</Filter>
    </ClCompile>
    <ClCompile Include="remote-qr\RemoteControlDialog.cpp">
      <Filter>remote-qr</Filter>
    </ClCompile>
    <ClCompile Include="remote-qr\thirdparty\qrcodegen.cpp">
      <Filter>remote-qr\thirdparty</Filter>
    </ClCompile>
    <QtUic Include="host-remote\RemoteControlCenter.ui">
      <Filter>host-remote</Filter>
    </QtUic>
    <QtUic Include="recorder\ui\ScreenRecorderDialog.ui">
      <Filter>recorder\ui</Filter>
    </QtUic>
    <QtUic Include="recorder\ui\ScreenRecorderSettingsDialog.ui">
      <Filter>recorder\ui</Filter>
    </QtUic>
    <QtUic Include="recorder\ui\RecorderNavSidebar.ui">
      <Filter>recorder\ui</Filter>
    </QtUic>
    <QtUic Include="recorder\ui\RecorderControlBar.ui">
      <Filter>recorder\ui</Filter>
    </QtUic>
    <QtUic Include="recorder\ui\RecorderOutputListWidget.ui">
      <Filter>recorder\ui</Filter>
    </QtUic>
    <QtMoc Include="host-remote\RemoteControlCenter.h">
      <Filter>host-remote</Filter>
    </QtMoc>
    <ClCompile Include="host-remote\RemoteControlCenter.cpp">
      <Filter>host-remote</Filter>
    </ClCompile>
    <QtMoc Include="recorder\RecorderControlBar.h">
      <Filter>recorder</Filter>
    </QtMoc>
    <QtMoc Include="recorder\RecorderNavSidebar.h">
      <Filter>recorder</Filter>
    </QtMoc>
    <QtMoc Include="recorder\RecorderHost.h">
      <Filter>recorder</Filter>
    </QtMoc>
    <QtMoc Include="recorder\RegionSelectorWidget.h">
      <Filter>recorder</Filter>
    </QtMoc>
    <ClCompile Include="recorder\RecorderControlBar.cpp">
      <Filter>recorder</Filter>
    </ClCompile>
    <ClCompile Include="recorder\RecorderNavSidebar.cpp">
      <Filter>recorder</Filter>
    </ClCompile>
    <ClCompile Include="recorder\RecorderHost.cpp">
      <Filter>recorder</Filter>
    </ClCompile>
    <ClCompile Include="recorder\RecorderUiBinder.cpp">
      <Filter>recorder</Filter>
    </ClCompile>
    <ClCompile Include="recorder\RegionSelectorWidget.cpp">
      <Filter>recorder</Filter>
    </ClCompile>
    <None Include="recorder\README.md">
      <Filter>recorder</Filter>
    </None>
    <ClInclude Include="recorder\RecorderKit.h">
      <Filter>recorder</Filter>
    </ClInclude>
    <ClInclude Include="recorder\RecorderQtKit.h">
      <Filter>recorder</Filter>
    </ClInclude>
    <ClInclude Include="recorder\RecorderStatusText.h">
      <Filter>recorder</Filter>
    </ClInclude>
    <ClInclude Include="recorder\RecorderUiBinder.h">
      <Filter>recorder</Filter>
    </ClInclude>
    <ClInclude Include="recorder\RecorderPathHelper.h">
      <Filter>recorder</Filter>
    </ClInclude>
    <ClInclude Include="recorder\RecorderOutputStore.h">
      <Filter>recorder</Filter>
    </ClInclude>
    <ClInclude Include="recorder\RecorderPreviewCapture.h">
      <Filter>recorder</Filter>
    </ClInclude>
    <ClInclude Include="recorder\include\RecorderTypes.h">
      <Filter>recorder\include</Filter>
    </ClInclude>
    <ClInclude Include="recorder\include\RecorderError.h">
      <Filter>recorder\include</Filter>
    </ClInclude>
    <ClInclude Include="recorder\include\ScreenRecorder.h">
      <Filter>recorder\include</Filter>
    </ClInclude>
    <ClCompile Include="recorder\src\ScreenRecorder.cpp">
      <Filter>recorder\src</Filter>
    </ClCompile>
    <ClCompile Include="recorder\src\RecorderError.cpp">
      <Filter>recorder\src</Filter>
    </ClCompile>
    <ClInclude Include="recorder\src\Capture\IScreenCapture.h">
      <Filter>recorder\src\Capture</Filter>
    </ClInclude>
    <ClInclude Include="recorder\src\Capture\GdiScreenCapture.h">
      <Filter>recorder\src\Capture</Filter>
    </ClInclude>
    <ClInclude Include="recorder\src\Capture\DxgiScreenCapture.h">
      <Filter>recorder\src\Capture</Filter>
    </ClInclude>
    <ClInclude Include="recorder\src\Capture\CaptureCommon.h">
      <Filter>recorder\src\Capture</Filter>
    </ClInclude>
    <ClCompile Include="recorder\src\Capture\GdiScreenCapture.cpp">
      <Filter>recorder\src\Capture</Filter>
    </ClCompile>
    <ClCompile Include="recorder\src\Capture\DxgiScreenCapture.cpp">
      <Filter>recorder\src\Capture</Filter>
    </ClCompile>
    <ClInclude Include="recorder\src\Encoder\IVideoEncoder.h">
      <Filter>recorder\src\Encoder</Filter>
    </ClInclude>
    <ClInclude Include="recorder\src\Encoder\MjpegAviEncoder.h">
      <Filter>recorder\src\Encoder</Filter>
    </ClInclude>
    <ClInclude Include="recorder\src\Encoder\Mp4MfEncoder.h">
      <Filter>recorder\src\Encoder</Filter>
    </ClInclude>
    <ClCompile Include="recorder\src\Encoder\MjpegAviEncoder.cpp">
      <Filter>recorder\src\Encoder</Filter>
    </ClCompile>
    <ClCompile Include="recorder\src\Encoder\Mp4MfEncoder.cpp">
      <Filter>recorder\src\Encoder</Filter>
    </ClCompile>
    <QtMoc Include="recorder\dialog\ScreenRecorderDialog.h">
      <Filter>recorder\dialog</Filter>
    </QtMoc>
    <QtMoc Include="recorder\dialog\ScreenRecorderSettingsDialog.h">
      <Filter>recorder\dialog</Filter>
    </QtMoc>
    <ClCompile Include="recorder\dialog\ScreenRecorderDialog.cpp">
      <Filter>recorder\dialog</Filter>
    </ClCompile>
    <ClCompile Include="recorder\dialog\ScreenRecorderSettingsDialog.cpp">
      <Filter>recorder\dialog</Filter>
    </ClCompile>
    <QtMoc Include="recorder\RecorderPreviewWidget.h">
      <Filter>recorder</Filter>
    </QtMoc>
    <ClCompile Include="recorder\RecorderPreviewWidget.cpp">
      <Filter>recorder</Filter>
    </ClCompile>
    <ClCompile Include="recorder\RecorderPathHelper.cpp">
      <Filter>recorder</Filter>
    </ClCompile>
    <ClCompile Include="recorder\RecorderOutputStore.cpp">
      <Filter>recorder</Filter>
    </ClCompile>
    <ClCompile Include="recorder\RecorderPreviewCapture.cpp">
      <Filter>recorder</Filter>
    </ClCompile>
    <ClCompile Include="recorder\RecorderOutputListWidget.cpp">
      <Filter>recorder</Filter>
    </ClCompile>
    <QtMoc Include="recorder\RecorderOutputListWidget.h">
      <Filter>recorder</Filter>
    </QtMoc>
  </ItemGroup>
  <ItemGroup>
    <ClCompile Include="remote\RemotePreviewFrameCache.cpp">
      <Filter>remote</Filter>
    </ClCompile>
  </ItemGroup>
  <ItemGroup>
    <ClInclude Include="remote\NetConfigHelper.h">
      <Filter>remote</Filter>
    </ClInclude>
  </ItemGroup>
</Project>