<?xml version="1.0" encoding="utf-8"?>
<Project ToolsVersion="4.0" xmlns="http://schemas.microsoft.com/developer/msbuild/2003">
  <ItemGroup>
    <Filter Include="Source Files">
      <UniqueIdentifier>{4FC737F1-C7A5-4376-A066-2A32D752A2FF}</UniqueIdentifier>
    </Filter>
    <Filter Include="Header Files">
      <UniqueIdentifier>{93995380-89BD-4b04-88EB-625FBE52EBFB}</UniqueIdentifier>
    </Filter>
    <Filter Include="Resource Files">
      <UniqueIdentifier>{67DA6AB6-F800-4c08-8B7A-83BB121AAD01}</UniqueIdentifier>
    </Filter>
    <Filter Include="Form Files">
      <UniqueIdentifier>{99349809-55BA-4b9d-BF79-8FDBB0286EB3}</UniqueIdentifier>
    </Filter>
    <Filter Include="camera">
      <UniqueIdentifier>{A1B2C3D4-E5F6-7890-ABCD-EF1234567890}</UniqueIdentifier>
    </Filter>
    <Filter Include="core">
      <UniqueIdentifier>{B2C3D4E5-F6A7-8901-BCDE-F12345678901}</UniqueIdentifier>
    </Filter>
    <Filter Include="save">
      <UniqueIdentifier>{C3D4E5F6-A7B8-9012-CDEF-123456789012}</UniqueIdentifier>
    </Filter>
    <Filter Include="stage">
      <UniqueIdentifier>{D4E5F6A7-B8C9-0123-DEF0-234567890123}</UniqueIdentifier>
    </Filter>
    <Filter Include="ui">
      <UniqueIdentifier>{E5F6A7B8-C9D0-1234-EF01-234567890124}</UniqueIdentifier>
    </Filter>
  </ItemGroup>
  <ItemGroup>
    <QtRcc Include="QtProject_1.qrc"><Filter>Resource Files</Filter></QtRcc>
    <QtUic Include="QtProject_1.ui"><Filter>Form Files</Filter></QtUic>
    <QtMoc Include="QtProject_1.h"><Filter>Header Files</Filter></QtMoc>
    <QtMoc Include="camera\CameraController.h"><Filter>camera</Filter></QtMoc>
    <ClCompile Include="QtProject_1.cpp"><Filter>Source Files</Filter></ClCompile>
    <ClCompile Include="main.cpp"><Filter>Source Files</Filter></ClCompile>
    <ClCompile Include="camera\CameraController.cpp"><Filter>camera</Filter></ClCompile>
    <ClInclude Include="core\AppTypes.h"><Filter>core</Filter></ClInclude>
    <ClInclude Include="core\AppLogger.h"><Filter>core</Filter></ClInclude>
    <ClCompile Include="core\AppLogger.cpp"><Filter>core</Filter></ClCompile>
    <ClCompile Include="save\ImageSaveThread.cpp"><Filter>save</Filter></ClCompile>
    <ClCompile Include="save\SavePathHelper.cpp"><Filter>save</Filter></ClCompile>
    <ClInclude Include="save\SavePathHelper.h"><Filter>save</Filter></ClInclude>
    <ClCompile Include="stage\StageManager.cpp"><Filter>stage</Filter></ClCompile>
    <QtMoc Include="ui\PreviewWidget.h"><Filter>ui</Filter></QtMoc>
    <ClCompile Include="ui\PreviewWidget.cpp"><Filter>ui</Filter></ClCompile>
    <QtMoc Include="save\ImageSaveThread.h"><Filter>save</Filter></QtMoc>
    <QtMoc Include="stage\StageManager.h"><Filter>stage</Filter></QtMoc>
  </ItemGroup>
</Project>
